// !$*UTF8*$!
{
	archiveVersion = 1;
	classes = {
	};
	objectVersion = 46;
	objects = {

/* Begin PBXBuildFile section */
		BC15D6CE1C82282F0045F9F4 /* AppDelegate.swift in Sources */ = {isa = PBXBuildFile; fileRef = BC15D6CD1C82282F0045F9F4 /* AppDelegate.swift */; };
		BC15D6D01C82282F0045F9F4 /* ViewController.swift in Sources */ = {isa = PBXBuildFile; fileRef = BC15D6CF1C82282F0045F9F4 /* ViewController.swift */; };
		BC15D6D31C82282F0045F9F4 /* Main.storyboard in Resources */ = {isa = PBXBuildFile; fileRef = BC15D6D11C82282F0045F9F4 /* Main.storyboard */; };
		BC15D6D51C82282F0045F9F4 /* Assets.xcassets in Resources */ = {isa = PBXBuildFile; fileRef = BC15D6D41C82282F0045F9F4 /* Assets.xcassets */; };
		BC15D6D81C82282F0045F9F4 /* LaunchScreen.storyboard in Resources */ = {isa = PBXBuildFile; fileRef = BC15D6D61C82282F0045F9F4 /* LaunchScreen.storyboard */; };
		BC15D6E31C82282F0045F9F4 /* ContactSearchTests.swift in Sources */ = {isa = PBXBuildFile; fileRef = BC15D6E21C82282F0045F9F4 /* ContactSearchTests.swift */; };
		BC15D6EE1C82282F0045F9F4 /* ContactSearchUITests.swift in Sources */ = {isa = PBXBuildFile; fileRef = BC15D6ED1C82282F0045F9F4 /* ContactSearchUITests.swift */; };
/* End PBXBuildFile section */

/* Begin PBXContainerItemProxy section */
		BC15D6DF1C82282F0045F9F4 /* PBXContainerItemProxy */ = {
			isa = PBXContainerItemProxy;
			containerPortal = BC15D6C21C82282E0045F9F4 /* Project object */;
			proxyType = 1;
			remoteGlobalIDString = BC15D6C91C82282E0045F9F4;
			remoteInfo = ContactSearch;
		};
		BC15D6EA1C82282F0045F9F4 /* PBXContainerItemProxy */ = {
			isa = PBXContainerItemProxy;
			containerPortal = BC15D6C21C82282E0045F9F4 /* Project object */;
			proxyType = 1;
			remoteGlobalIDString = BC15D6C91C82282E0045F9F4;
			remoteInfo = ContactSearch;
		};
/* End PBXContainerItemProxy section */

/* Begin PBXFileReference section */
		BC15D6CA1C82282E0045F9F4 /* ContactSearch.app */ = {isa = PBXFileReference; explicitFileType = wrapper.application; includeInIndex = 0; path = ContactSearch.app; sourceTree = BUILT_PRODUCTS_DIR; };
		BC15D6CD1C82282F0045F9F4 /* AppDelegate.swift */ = {isa = PBXFileReference; lastKnownFileType = sourcecode.swift; path = AppDelegate.swift; sourceTree = "<group>"; };
		BC15D6CF1C82282F0045F9F4 /* ViewController.swift */ = {isa = PBXFileReference; lastKnownFileType = sourcecode.swift; path = ViewController.swift; sourceTree = "<group>"; };
		BC15D6D21C82282F0045F9F4 /* Base */ = {isa = PBXFileReference; lastKnownFileType = file.storyboard; name = Base; path = Base.lproj/Main.storyboard; sourceTree = "<group>"; };
		BC15D6D41C82282F0045F9F4 /* Assets.xcassets */ = {isa = PBXFileReference; lastKnownFileType = folder.assetcatalog; path = Assets.xcassets; sourceTree = "<group>"; };
		BC15D6D71C82282F0045F9F4 /* Base */ = {isa = PBXFileReference; lastKnownFileType = file.storyboard; name = Base; path = Base.lproj/LaunchScreen.storyboard; sourceTree = "<group>"; };
		BC15D6D91C82282F0045F9F4 /* Info.plist */ = {isa = PBXFileReference; lastKnownFileType = text.plist.xml; path = Info.plist; sourceTree = "<group>"; };
		BC15D6DE1C82282F0045F9F4 /* ContactSearchTests.xctest */ = {isa = PBXFileReference; explicitFileType = wrapper.cfbundle; includeInIndex = 0; path = ContactSearchTests.xctest; sourceTree = BUILT_PRODUCTS_DIR; };
		BC15D6E21C82282F0045F9F4 /* ContactSearchTests.swift */ = {isa = PBXFileReference; lastKnownFileType = sourcecode.swift; path = ContactSearchTests.swift; sourceTree = "<group>"; };
		BC15D6E41C82282F0045F9F4 /* Info.plist */ = {isa = PBXFileReference; lastKnownFileType = text.plist.xml; path = Info.plist; sourceTree = "<group>"; };
		BC15D6E91C82282F0045F9F4 /* ContactSearchUITests.xctest */ = {isa = PBXFileReference; explicitFileType = wrapper.cfbundle; includeInIndex = 0; path = ContactSearchUITests.xctest; sourceTree = BUILT_PRODUCTS_DIR; };
		BC15D6ED1C82282F0045F9F4 /* ContactSearchUITests.swift */ = {isa = PBXFileReference; lastKnownFileType = sourcecode.swift; path = ContactSearchUITests.swift; sourceTree = "<group>"; };
		BC15D6EF1C82282F0045F9F4 /* Info.plist */ = {isa = PBXFileReference; lastKnownFileType = text.plist.xml; path = Info.plist; sourceTree = "<group>"; };
/* End PBXFileReference section */

/* Begin PBXFrameworksBuildPhase section */
		BC15D6C71C82282E0045F9F4 /* Frameworks */ = {
			isa = PBXFrameworksBuildPhase;
			buildActionMask = 2147483647;
			files = (
			);
			runOnlyForDeploymentPostprocessing = 0;
		};
		BC15D6DB1C82282F0045F9F4 /* Frameworks */ = {
			isa = PBXFrameworksBuildPhase;
			buildActionMask = 2147483647;
			files = (
			);
			runOnlyForDeploymentPostprocessing = 0;
		};
		BC15D6E61C82282F0045F9F4 /* Frameworks */ = {
			isa = PBXFrameworksBuildPhase;
			buildActionMask = 2147483647;
			files = (
			);
			runOnlyForDeploymentPostprocessing = 0;
		};
/* End PBXFrameworksBuildPhase section */

/* Begin PBXGroup section */
		BC15D6C11C82282E0045F9F4 = {
			isa = PBXGroup;
			children = (
				BC15D6CC1C82282E0045F9F4 /* ContactSearch */,
				BC15D6E11C82282F0045F9F4 /* ContactSearchTests */,
				BC15D6EC1C82282F0045F9F4 /* ContactSearchUITests */,
				BC15D6CB1C82282E0045F9F4 /* Products */,
			);
			sourceTree = "<group>";
		};
		BC15D6CB1C82282E0045F9F4 /* Products */ = {
			isa = PBXGroup;
			children = (
				BC15D6CA1C82282E0045F9F4 /* ContactSearch.app */,
				BC15D6DE1C82282F0045F9F4 /* ContactSearchTests.xctest */,
				BC15D6E91C82282F0045F9F4 /* ContactSearchUITests.xctest */,
			);
			name = Products;
			sourceTree = "<group>";
		};
		BC15D6CC1C82282E0045F9F4 /* ContactSearch */ = {
			isa = PBXGroup;
			children = (
				BC15D6CD1C82282F0045F9F4 /* AppDelegate.swift */,
				BC15D6CF1C82282F0045F9F4 /* ViewController.swift */,
				BC15D6D11C82282F0045F9F4 /* Main.storyboard */,
				BC15D6D41C82282F0045F9F4 /* Assets.xcassets */,
				BC15D6D61C82282F0045F9F4 /* LaunchScreen.storyboard */,
				BC15D6D91C82282F0045F9F4 /* Info.plist */,
			);
			path = ContactSearch;
			sourceTree = "<group>";
		};
		BC15D6E11C82282F0045F9F4 /* ContactSearchTests */ = {
			isa = PBXGroup;
			children = (
				BC15D6E21C82282F0045F9F4 /* ContactSearchTests.swift */,
				BC15D6E41C82282F0045F9F4 /* Info.plist */,
			);
			path = ContactSearchTests;
			sourceTree = "<group>";
		};
		BC15D6EC1C82282F0045F9F4 /* ContactSearchUITests */ = {
			isa = PBXGroup;
			children = (
				BC15D6ED1C82282F0045F9F4 /* ContactSearchUITests.swift */,
				BC15D6EF1C82282F0045F9F4 /* Info.plist */,
			);
			path = ContactSearchUITests;
			sourceTree = "<group>";
		};
/* End PBXGroup section */

/* Begin PBXNativeTarget section */
		BC15D6C91C82282E0045F9F4 /* ContactSearch */ = {
			isa = PBXNativeTarget;
			buildConfigurationList = BC15D6F21C82282F0045F9F4 /* Build configuration list for PBXNativeTarget "ContactSearch" */;
			buildPhases = (
				BC15D6C61C82282E0045F9F4 /* Sources */,
				BC15D6C71C82282E0045F9F4 /* Frameworks */,
				BC15D6C81C82282E0045F9F4 /* Resources */,
			);
			buildRules = (
			);
			dependencies = (
			);
			name = ContactSearch;
			productName = ContactSearch;
			productReference = BC15D6CA1C82282E0045F9F4 /* ContactSearch.app */;
			productType = "com.apple.product-type.application";
		};
		BC15D6DD1C82282F0045F9F4 /* ContactSearchTests */ = {
			isa = PBXNativeTarget;
			buildConfigurationList = BC15D6F51C82282F0045F9F4 /* Build configuration list for PBXNativeTarget "ContactSearchTests" */;
			buildPhases = (
				BC15D6DA1C82282F0045F9F4 /* Sources */,
				BC15D6DB1C82282F0045F9F4 /* Frameworks */,
				BC15D6DC1C82282F0045F9F4 /* Resources */,
			);
			buildRules = (
			);
			dependencies = (
				BC15D6E01C82282F0045F9F4 /* PBXTargetDependency */,
			);
			name = ContactSearchTests;
			productName = ContactSearchTests;
			productReference = BC15D6DE1C82282F0045F9F4 /* ContactSearchTests.xctest */;
			productType = "com.apple.product-type.bundle.unit-test";
		};
		BC15D6E81C82282F0045F9F4 /* ContactSearchUITests */ = {
			isa = PBXNativeTarget;
			buildConfigurationList = BC15D6F81C82282F0045F9F4 /* Build configuration list for PBXNativeTarget "ContactSearchUITests" */;
			buildPhases = (
				BC15D6E51C82282F0045F9F4 /* Sources */,
				BC15D6E61C82282F0045F9F4 /* Frameworks */,
				BC15D6E71C82282F0045F9F4 /* Resources */,
			);
			buildRules = (
			);
			dependencies = (
				BC15D6EB1C82282F0045F9F4 /* PBXTargetDependency */,
			);
			name = ContactSearchUITests;
			productName = ContactSearchUITests;
			productReference = BC15D6E91C82282F0045F9F4 /* ContactSearchUITests.xctest */;
			productType = "com.apple.product-type.bundle.ui-testing";
		};
/* End PBXNativeTarget section */

/* Begin PBXProject section */
		BC15D6C21C82282E0045F9F4 /* Project object */ = {
			isa = PBXProject;
			attributes = {
				LastSwiftUpdateCheck = 0720;
				LastUpgradeCheck = 0720;
				ORGANIZATIONNAME = "Nick Scott";
				TargetAttributes = {
					BC15D6C91C82282E0045F9F4 = {
						CreatedOnToolsVersion = 7.2.1;
						DevelopmentTeam = QA5YEAKXYW;
					};
					BC15D6DD1C82282F0045F9F4 = {
						CreatedOnToolsVersion = 7.2.1;
						TestTargetID = BC15D6C91C82282E0045F9F4;
					};
					BC15D6E81C82282F0045F9F4 = {
						CreatedOnToolsVersion = 7.2.1;
						TestTargetID = BC15D6C91C82282E0045F9F4;
					};
				};
			};
			buildConfigurationList = BC15D6C51C82282E0045F9F4 /* Build configuration list for PBXProject "ContactSearch" */;
			compatibilityVersion = "Xcode 3.2";
			developmentRegion = English;
			hasScannedForEncodings = 0;
			knownRegions = (
				en,
				Base,
			);
			mainGroup = BC15D6C11C82282E0045F9F4;
			productRefGroup = BC15D6CB1C82282E0045F9F4 /* Products */;
			projectDirPath = "";
			projectRoot = "";
			targets = (
				BC15D6C91C82282E0045F9F4 /* ContactSearch */,
				BC15D6DD1C82282F0045F9F4 /* ContactSearchTests */,
				BC15D6E81C82282F0045F9F4 /* ContactSearchUITests */,
			);
		};
/* End PBXProject section */

/* Begin PBXResourcesBuildPhase section */
		BC15D6C81C82282E0045F9F4 /* Resources */ = {
			isa = PBXResourcesBuildPhase;
			buildActionMask = 2147483647;
			files = (
				BC15D6D81C82282F0045F9F4 /* LaunchScreen.storyboard in Resources */,
				BC15D6D51C82282F0045F9F4 /* Assets.xcassets in Resources */,
				BC15D6D31C82282F0045F9F4 /* Main.storyboard in Resources */,
			);
			runOnlyForDeploymentPostprocessing = 0;
		};
		BC15D6DC1C82282F0045F9F4 /* Resources */ = {
			isa = PBXResourcesBuildPhase;
			buildActionMask = 2147483647;
			files = (
			);
			runOnlyForDeploymentPostprocessing = 0;
		};
		BC15D6E71C82282F0045F9F4 /* Resources */ = {
			isa = PBXResourcesBuildPhase;
			buildActionMask = 2147483647;
			files = (
			);
			runOnlyForDeploymentPostprocessing = 0;
		};
/* End PBXResourcesBuildPhase section */

/* Begin PBXSourcesBuildPhase section */
		BC15D6C61C82282E0045F9F4 /* Sources */ = {
			isa = PBXSourcesBuildPhase;
			buildActionMask = 2147483647;
			files = (
				BC15D6D01C82282F0045F9F4 /* ViewController.swift in Sources */,
				BC15D6CE1C82282F0045F9F4 /* AppDelegate.swift in Sources */,
			);
			runOnlyForDeploymentPostprocessing = 0;
		};
		BC15D6DA1C82282F0045F9F4 /* Sources */ = {
			isa = PBXSourcesBuildPhase;
			buildActionMask = 2147483647;
			files = (
				BC15D6E31C82282F0045F9F4 /* ContactSearchTests.swift in Sources */,
			);
			runOnlyForDeploymentPostprocessing = 0;
		};
		BC15D6E51C82282F0045F9F4 /* Sources */ = {
			isa = PBXSourcesBuildPhase;
			buildActionMask = 2147483647;
			files = (
				BC15D6EE1C82282F0045F9F4 /* ContactSearchUITests.swift in Sources */,
			);
			runOnlyForDeploymentPostprocessing = 0;
		};
/* End PBXSourcesBuildPhase section */

/* Begin PBXTargetDependency section */
		BC15D6E01C82282F0045F9F4 /* PBXTargetDependency */ = {
			isa = PBXTargetDependency;
			target = BC15D6C91C82282E0045F9F4 /* ContactSearch */;
			targetProxy = BC15D6DF1C82282F0045F9F4 /* PBXContainerItemProxy */;
		};
		BC15D6EB1C82282F0045F9F4 /* PBXTargetDependency */ = {
			isa = PBXTargetDependency;
			target = BC15D6C91C82282E0045F9F4 /* ContactSearch */;
			targetProxy = BC15D6EA1C82282F0045F9F4 /* PBXContainerItemProxy */;
		};
/* End PBXTargetDependency section */

/* Begin PBXVariantGroup section */
		BC15D6D11C82282F0045F9F4 /* Main.storyboard */ = {
			isa = PBXVariantGroup;
			children = (
				BC15D6D21C82282F0045F9F4 /* Base */,
			);
			name = Main.storyboard;
			sourceTree = "<group>";
		};
		BC15D6D61C82282F0045F9F4 /* LaunchScreen.storyboard */ = {
			isa = PBXVariantGroup;
			children = (
				BC15D6D71C82282F0045F9F4 /* Base */,
			);
			name = LaunchScreen.storyboard;
			sourceTree = "<group>";
		};
/* End PBXVariantGroup section */

/* Begin XCBuildConfiguration section */
		BC15D6F01C82282F0045F9F4 /* Debug */ = {
			isa = XCBuildConfiguration;
			buildSettings = {
				ALWAYS_SEARCH_USER_PATHS = NO;
				CLANG_CXX_LANGUAGE_STANDARD = "gnu++0x";
				CLANG_CXX_LIBRARY = "libc++";
				CLANG_ENABLE_MODULES = YES;
				CLANG_ENABLE_OBJC_ARC = YES;
				CLANG_WARN_BOOL_CONVERSION = YES;
				CLANG_WARN_CONSTANT_CONVERSION = YES;
				CLANG_WARN_DIRECT_OBJC_ISA_USAGE = YES_ERROR;
				CLANG_WARN_EMPTY_BODY = YES;
				CLANG_WARN_ENUM_CONVERSION = YES;
				CLANG_WARN_INT_CONVERSION = YES;
				CLANG_WARN_OBJC_ROOT_CLASS = YES_ERROR;
				CLANG_WARN_UNREACHABLE_CODE = YES;
				CLANG_WARN__DUPLICATE_METHOD_MATCH = YES;
				"CODE_SIGN_IDENTITY[sdk=iphoneos*]" = "iPhone Developer";
				COPY_PHASE_STRIP = NO;
				DEBUG_INFORMATION_FORMAT = dwarf;
				ENABLE_STRICT_OBJC_MSGSEND = YES;
				ENABLE_TESTABILITY = YES;
				GCC_C_LANGUAGE_STANDARD = gnu99;
				GCC_DYNAMIC_NO_PIC = NO;
				GCC_NO_COMMON_BLOCKS = YES;
				GCC_OPTIMIZATION_LEVEL = 0;
				GCC_PREPROCESSOR_DEFINITIONS = (
					"DEBUG=1",
					"$(inherited)",
				);
				GCC_WARN_64_TO_32_BIT_CONVERSION = YES;
				GCC_WARN_ABOUT_RETURN_TYPE = YES_ERROR;
				GCC_WARN_UNDECLARED_SELECTOR = YES;
				GCC_WARN_UNINITIALIZED_AUTOS = YES_AGGRESSIVE;
				GCC_WARN_UNUSED_FUNCTION = YES;
				GCC_WARN_UNUSED_VARIABLE = YES;
				IPHONEOS_DEPLOYMENT_TARGET = 9.2;
				MTL_ENABLE_DEBUG_INFO = YES;
				ONLY_ACTIVE_ARCH = YES;
				SDKROOT = iphoneos;
				SWIFT_OPTIMIZATION_LEVEL = "-Onone";
				TARGETED_DEVICE_FAMILY = 2;
			};
			name = Debug;
		};
		BC15D6F11C82282F0045F9F4 /* Release */ = {
			isa = XCBuildConfiguration;
			buildSettings = {
				ALWAYS_SEARCH_USER_PATHS = NO;
				CLANG_CXX_LANGUAGE_STANDARD = "gnu++0x";
				CLANG_CXX_LIBRARY = "libc++";
				CLANG_ENABLE_MODULES = YES;
				CLANG_ENABLE_OBJC_ARC = YES;
				CLANG_WARN_BOOL_CONVERSION = YES;
				CLANG_WARN_CONSTANT_CONVERSION = YES;
				CLANG_WARN_DIRECT_OBJC_ISA_USAGE = YES_ERROR;
				CLANG_WARN_EMPTY_BODY = YES;
				CLANG_WARN_ENUM_CONVERSION = YES;
				CLANG_WARN_INT_CONVERSION = YES;
				CLANG_WARN_OBJC_ROOT_CLASS = YES_ERROR;
				CLANG_WARN_UNREACHABLE_CODE = YES;
				CLANG_WARN__DUPLICATE_METHOD_MATCH = YES;
				"CODE_SIGN_IDENTITY[sdk=iphoneos*]" = "iPhone Developer";
				COPY_PHASE_STRIP = NO;
				DEBUG_INFORMATION_FORMAT = "dwarf-with-dsym";
				ENABLE_NS_ASSERTIONS = NO;
				ENABLE_STRICT_OBJC_MSGSEND = YES;
				GCC_C_LANGUAGE_STANDARD = gnu99;
				GCC_NO_COMMON_BLOCKS = YES;
				GCC_WARN_64_TO_32_BIT_CONVERSION = YES;
				GCC_WARN_ABOUT_RETURN_TYPE = YES_ERROR;
				GCC_WARN_UNDECLARED_SELECTOR = YES;
				GCC_WARN_UNINITIALIZED_AUTOS = YES_AGGRESSIVE;
				GCC_WARN_UNUSED_FUNCTION = YES;
				GCC_WARN_UNUSED_VARIABLE = YES;
				IPHONEOS_DEPLOYMENT_TARGET = 9.2;
				MTL_ENABLE_DEBUG_INFO = NO;
				SDKROOT = iphoneos;
				TARGETED_DEVICE_FAMILY = 2;
				VALIDATE_PRODUCT = YES;
			};
			name = Release;
		};
		BC15D6F31C82282F0045F9F4 /* Debug */ = {
			isa = XCBuildConfiguration;
			buildSettings = {
				ASSETCATALOG_COMPILER_APPICON_NAME = AppIcon;
				CODE_SIGN_IDENTITY = "iPhone Developer";
				INFOPLIST_FILE = ContactSearch/Info.plist;
				LD_RUNPATH_SEARCH_PATHS = "$(inherited) @executable_path/Frameworks";
				PRODUCT_BUNDLE_IDENTIFIER = com.halawriting.ContactSearch;
				PRODUCT_NAME = "$(TARGET_NAME)";
				TARGETED_DEVICE_FAMILY = "1,2";
			};
			name = Debug;
		};
		BC15D6F41C82282F0045F9F4 /* Release */ = {
			isa = XCBuildConfiguration;
			buildSettings = {
				ASSETCATALOG_COMPILER_APPICON_NAME = AppIcon;
				CODE_SIGN_IDENTITY = "iPhone Developer";
				INFOPLIST_FILE = ContactSearch/Info.plist;
				LD_RUNPATH_SEARCH_PATHS = "$(inherited) @executable_path/Frameworks";
				PRODUCT_BUNDLE_IDENTIFIER = com.halawriting.ContactSearch;
				PRODUCT_NAME = "$(TARGET_NAME)";
				TARGETED_DEVICE_FAMILY = "1,2";
			};
			name = Release;
		};
		BC15D6F61C82282F0045F9F4 /* Debug */ = {
			isa = XCBuildConfiguration;
			buildSettings = {
				BUNDLE_LOADER = "$(TEST_HOST)";
				INFOPLIST_FILE = ContactSearchTests/Info.plist;
				LD_RUNPATH_SEARCH_PATHS = "$(inherited) @executable_path/Frameworks @loader_path/Frameworks";
				PRODUCT_BUNDLE_IDENTIFIER = com.halawriting.ContactSearchTests;
				PRODUCT_NAME = "$(TARGET_NAME)";
				TEST_HOST = "$(BUILT_PRODUCTS_DIR)/ContactSearch.app/ContactSearch";
			};
			name = Debug;
		};
		BC15D6F71C82282F0045F9F4 /* Release */ = {
			isa = XCBuildConfiguration;
			buildSettings = {
				BUNDLE_LOADER = "$(TEST_HOST)";
				INFOPLIST_FILE = ContactSearchTests/Info.plist;
				LD_RUNPATH_SEARCH_PATHS = "$(inherited) @executable_path/Frameworks @loader_path/Frameworks";
				PRODUCT_BUNDLE_IDENTIFIER = com.halawriting.ContactSearchTests;
				PRODUCT_NAME = "$(TARGET_NAME)";
				TEST_HOST = "$(BUILT_PRODUCTS_DIR)/ContactSearch.app/ContactSearch";
			};
			name = Release;
		};
		BC15D6F91C82282F0045F9F4 /* Debug */ = {
			isa = XCBuildConfiguration;
			buildSettings = {
				INFOPLIST_FILE = ContactSearchUITests/Info.plist;
				LD_RUNPATH_SEARCH_PATHS = "$(inherited) @executable_path/Frameworks @loader_path/Frameworks";
				PRODUCT_BUNDLE_IDENTIFIER = com.halawriting.ContactSearchUITests;
				PRODUCT_NAME = "$(TARGET_NAME)";
				TEST_TARGET_NAME = ContactSearch;
				USES_XCTRUNNER = YES;
			};
			name = Debug;
		};
		BC15D6FA1C82282F0045F9F4 /* Release */ = {
			isa = XCBuildConfiguration;
			buildSettings = {
				INFOPLIST_FILE = ContactSearchUITests/Info.plist;
				LD_RUNPATH_SEARCH_PATHS = "$(inherited) @executable_path/Frameworks @loader_path/Frameworks";
				PRODUCT_BUNDLE_IDENTIFIER = com.halawriting.ContactSearchUITests;
				PRODUCT_NAME = "$(TARGET_NAME)";
				TEST_TARGET_NAME = ContactSearch;
				USES_XCTRUNNER = YES;
			};
			name = Release;
		};
/* End XCBuildConfiguration section */

/* Begin XCConfigurationList section */
		BC15D6C51C82282E0045F9F4 /* Build configuration list for PBXProject "ContactSearch" */ = {
			isa = XCConfigurationList;
			buildConfigurations = (
				BC15D6F01C82282F0045F9F4 /* Debug */,
				BC15D6F11C82282F0045F9F4 /* Release */,
			);
			defaultConfigurationIsVisible = 0;
			defaultConfigurationName = Release;
		};
		BC15D6F21C82282F0045F9F4 /* Build configuration list for PBXNativeTarget "ContactSearch" */ = {
			isa = XCConfigurationList;
			buildConfigurations = (
				BC15D6F31C82282F0045F9F4 /* Debug */,
				BC15D6F41C82282F0045F9F4 /* Release */,
			);
			defaultConfigurationIsVisible = 0;
			defaultConfigurationName = Release;
		};
		BC15D6F51C82282F0045F9F4 /* Build configuration list for PBXNativeTarget "ContactSearchTests" */ = {
			isa = XCConfigurationList;
			buildConfigurations = (
				BC15D6F61C82282F0045F9F4 /* Debug */,
				BC15D6F71C82282F0045F9F4 /* Release */,
			);
			defaultConfigurationIsVisible = 0;
			defaultConfigurationName = Release;
		};
		BC15D6F81C82282F0045F9F4 /* Build configuration list for PBXNativeTarget "ContactSearchUITests" */ = {
			isa = XCConfigurationList;
			buildConfigurations = (
				BC15D6F91C82282F0045F9F4 /* Debug */,
				BC15D6FA1C82282F0045F9F4 /* Release */,
			);
			defaultConfigurationIsVisible = 0;
			defaultConfigurationName = Release;
		};
/* End XCConfigurationList section */
	};
	rootObject = BC15D6C21C82282E0045F9F4 /* Project object */;
}
